
Microsoft Visual Studio Solution File, Format Version 12.00
# Visual Studio Version 16
VisualStudioVersion = 16.0.31702.278
MinimumVisualStudioVersion = 10.0.40219.1
Project("{FAE04EC0-301F-11D3-BF4B-00C04F79EFBC}") = "TicketSYS", "TicketSYS\TicketSYS.csproj", "{602C1347-4627-4623-87D0-2BA3632E1E71}"
EndProject
Global
	GlobalSection(SolutionConfigurationPlatforms) = preSolution
		Debug|Any CPU = Debug|Any CPU
		Release|Any CPU = Release|Any CPU
	EndGlobalSection
	GlobalSection(ProjectConfigurationPlatforms) = postSolution
		{602C1347-4627-4623-87D0-2BA3632E1E71}.Debug|Any CPU.ActiveCfg = Debug|Any CPU
		{602C1347-4627-4623-87D0-2BA3632E1E71}.Debug|Any CPU.Build.0 = Debug|Any CPU
		{602C1347-4627-4623-87D0-2BA3632E1E71}.Release|Any CPU.ActiveCfg = Release|Any CPU
		{602C1347-4627-4623-87D0-2BA3632E1E71}.Release|Any CPU.Build.0 = Release|Any CPU
	EndGlobalSection
	GlobalSection(SolutionProperties) = preSolution
		HideSolutionNode = FALSE
	EndGlobalSection
	GlobalSection(ExtensibilityGlobals) = postSolution
		SolutionGuid = {69660809-1687-4EB2-9E66-B25F4572DA45}
	EndGlobalSection
EndGlobal
